
Microsoft Visual Studio Solution File, Format Version 12.00
# Visual Studio 2015
Project("{FAE04EC0-301F-11D3-BF4B-00C04F79EFBC}") = "DarkMoon.CSharp", "DarkMoon.CSharp.csproj", "{9C7CED4E-B3D4-3320-6709-D1FCF9C2AE25}"
EndProject
Global
	GlobalSection(SolutionConfigurationPlatforms) = preSolution
		Debug|Any CPU = Debug|Any CPU
		Release|Any CPU = Release|Any CPU
	EndGlobalSection
	GlobalSection(ProjectConfigurationPlatforms) = postSolution
		{9C7CED4E-B3D4-3320-6709-D1FCF9C2AE25}.Debug|Any CPU.ActiveCfg = Debug|Any CPU
		{9C7CED4E-B3D4-3320-6709-D1FCF9C2AE25}.Debug|Any CPU.Build.0 = Debug|Any CPU
		{9C7CED4E-B3D4-3320-6709-D1FCF9C2AE25}.Release|Any CPU.ActiveCfg = Release|Any CPU
		{9C7CED4E-B3D4-3320-6709-D1FCF9C2AE25}.Release|Any CPU.Build.0 = Release|Any CPU
	EndGlobalSection
	GlobalSection(SolutionProperties) = preSolution
		HideSolutionNode = FALSE
	EndGlobalSection
EndGlobal
